// !$*UTF8*$!
{
	archiveVersion = 1;
	classes = {
	};
	objectVersion = 50;
	objects = {

/* Begin PBXBuildFile section */
		78A78E8B220E93EB007ACD73 /* Localizable.strings in Resources */ = {isa = PBXBuildFile; fileRef = 78A78E8A220E93EB007ACD73 /* Localizable.strings */; };
		78A78E8D220F7F88007ACD73 /* Point.swift in Sources */ = {isa = PBXBuildFile; fileRef = 78A78E8C220F7F88007ACD73 /* Point.swift */; };
		78F6B5D7220E5B1D0031F54C /* AppDelegate.swift in Sources */ = {isa = PBXBuildFile; fileRef = 78F6B5D6220E5B1D0031F54C /* AppDelegate.swift */; };
		78F6B5D9220E5B1D0031F54C /* ViewController.swift in Sources */ = {isa = PBXBuildFile; fileRef = 78F6B5D8220E5B1D0031F54C /* ViewController.swift */; };
		78F6B5DC220E5B1D0031F54C /* Main.storyboard in Resources */ = {isa = PBXBuildFile; fileRef = 78F6B5DA220E5B1D0031F54C /* Main.storyboard */; };
		78F6B5DE220E5B1E0031F54C /* Assets.xcassets in Resources */ = {isa = PBXBuildFile; fileRef = 78F6B5DD220E5B1E0031F54C /* Assets.xcassets */; };
		78F6B5E1220E5B1E0031F54C /* LaunchScreen.storyboard in Resources */ = {isa = PBXBuildFile; fileRef = 78F6B5DF220E5B1E0031F54C /* LaunchScreen.storyboard */; };
		78FE97AE220E690E008C0737 /* FractalView.swift in Sources */ = {isa = PBXBuildFile; fileRef = 78FE97AD220E690E008C0737 /* FractalView.swift */; };
/* End PBXBuildFile section */

/* Begin PBXFileReference section */
		786E7FAF220E928E00E5CAE9 /* ru */ = {isa = PBXFileReference; lastKnownFileType = text.plist.strings; name = ru; path = ru.lproj/Main.strings; sourceTree = "<group>"; };
		786E7FB0220E929000E5CAE9 /* ru */ = {isa = PBXFileReference; lastKnownFileType = text.plist.strings; name = ru; path = ru.lproj/LaunchScreen.strings; sourceTree = "<group>"; };
		78A78E8A220E93EB007ACD73 /* Localizable.strings */ = {isa = PBXFileReference; fileEncoding = 4; lastKnownFileType = text.plist.strings; path = Localizable.strings; sourceTree = "<group>"; };
		78A78E8C220F7F88007ACD73 /* Point.swift */ = {isa = PBXFileReference; lastKnownFileType = sourcecode.swift; path = Point.swift; sourceTree = "<group>"; };
		78F6B5D3220E5B1D0031F54C /* Fractal.app */ = {isa = PBXFileReference; explicitFileType = wrapper.application; includeInIndex = 0; path = Fractal.app; sourceTree = BUILT_PRODUCTS_DIR; };
		78F6B5D6220E5B1D0031F54C /* AppDelegate.swift */ = {isa = PBXFileReference; lastKnownFileType = sourcecode.swift; path = AppDelegate.swift; sourceTree = "<group>"; };
		78F6B5D8220E5B1D0031F54C /* ViewController.swift */ = {isa = PBXFileReference; lastKnownFileType = sourcecode.swift; path = ViewController.swift; sourceTree = "<group>"; };
		78F6B5DB220E5B1D0031F54C /* Base */ = {isa = PBXFileReference; lastKnownFileType = file.storyboard; name = Base; path = Base.lproj/Main.storyboard; sourceTree = "<group>"; };
		78F6B5DD220E5B1E0031F54C /* Assets.xcassets */ = {isa = PBXFileReference; lastKnownFileType = folder.assetcatalog; path = Assets.xcassets; sourceTree = "<group>"; };
		78F6B5E0220E5B1E0031F54C /* Base */ = {isa = PBXFileReference; lastKnownFileType = file.storyboard; name = Base; path = Base.lproj/LaunchScreen.storyboard; sourceTree = "<group>"; };
		78F6B5E2220E5B1E0031F54C /* Info.plist */ = {isa = PBXFileReference; lastKnownFileType = text.plist.xml; path = Info.plist; sourceTree = "<group>"; };
		78FE97AD220E690E008C0737 /* FractalView.swift */ = {isa = PBXFileReference; lastKnownFileType = sourcecode.swift; path = FractalView.swift; sourceTree = "<group>"; };
/* End PBXFileReference section */

/* Begin PBXFrameworksBuildPhase section */
		78F6B5D0220E5B1D0031F54C /* Frameworks */ = {
			isa = PBXFrameworksBuildPhase;
			buildActionMask = 2147483647;
			files = (
			);
			runOnlyForDeploymentPostprocessing = 0;
		};
/* End PBXFrameworksBuildPhase section */

/* Begin PBXGroup section */
		78F6B5CA220E5B1D0031F54C = {
			isa = PBXGroup;
			children = (
				78F6B5D5220E5B1D0031F54C /* Fractal */,
				78F6B5D4220E5B1D0031F54C /* Products */,
			);
			sourceTree = "<group>";
		};
		78F6B5D4220E5B1D0031F54C /* Products */ = {
			isa = PBXGroup;
			children = (
				78F6B5D3220E5B1D0031F54C /* Fractal.app */,
			);
			name = Products;
			sourceTree = "<group>";
		};
		78F6B5D5220E5B1D0031F54C /* Fractal */ = {
			isa = PBXGroup;
			children = (
				78F6B5D6220E5B1D0031F54C /* AppDelegate.swift */,
				78F6B5D8220E5B1D0031F54C /* ViewController.swift */,
				78F6B5DA220E5B1D0031F54C /* Main.storyboard */,
				78FE97AD220E690E008C0737 /* FractalView.swift */,
				78A78E8C220F7F88007ACD73 /* Point.swift */,
				78F6B5DD220E5B1E0031F54C /* Assets.xcassets */,
				78F6B5DF220E5B1E0031F54C /* LaunchScreen.storyboard */,
				78F6B5E2220E5B1E0031F54C /* Info.plist */,
				78A78E8A220E93EB007ACD73 /* Localizable.strings */,
			);
			path = Fractal;
			sourceTree = "<group>";
		};
/* End PBXGroup section */

/* Begin PBXNativeTarget section */
		78F6B5D2220E5B1D0031F54C /* Fractal */ = {
			isa = PBXNativeTarget;
			buildConfigurationList = 78F6B5E5220E5B1E0031F54C /* Build configuration list for PBXNativeTarget "Fractal" */;
			buildPhases = (
				78F6B5CF220E5B1D0031F54C /* Sources */,
				78F6B5D0220E5B1D0031F54C /* Frameworks */,
				78F6B5D1220E5B1D0031F54C /* Resources */,
			);
			buildRules = (
			);
			dependencies = (
			);
			name = Fractal;
			productName = Fractal;
			productReference = 78F6B5D3220E5B1D0031F54C /* Fractal.app */;
			productType = "com.apple.product-type.application";
		};
/* End PBXNativeTarget section */

/* Begin PBXProject section */
		78F6B5CB220E5B1D0031F54C /* Project object */ = {
			isa = PBXProject;
			attributes = {
				LastSwiftUpdateCheck = 1010;
				LastUpgradeCheck = 1010;
				ORGANIZATIONNAME = Shenshin;
				TargetAttributes = {
					78F6B5D2220E5B1D0031F54C = {
						CreatedOnToolsVersion = 10.1;
						LastSwiftMigration = 1020;
					};
				};
			};
			buildConfigurationList = 78F6B5CE220E5B1D0031F54C /* Build configuration list for PBXProject "Fractal" */;
			compatibilityVersion = "Xcode 9.3";
			developmentRegion = en;
			hasScannedForEncodings = 0;
			knownRegions = (
				en,
				Base,
				ru,
			);
			mainGroup = 78F6B5CA220E5B1D0031F54C;
			productRefGroup = 78F6B5D4220E5B1D0031F54C /* Products */;
			projectDirPath = "";
			projectRoot = "";
			targets = (
				78F6B5D2220E5B1D0031F54C /* Fractal */,
			);
		};
/* End PBXProject section */

/* Begin PBXResourcesBuildPhase section */
		78F6B5D1220E5B1D0031F54C /* Resources */ = {
			isa = PBXResourcesBuildPhase;
			buildActionMask = 2147483647;
			files = (
				78F6B5E1220E5B1E0031F54C /* LaunchScreen.storyboard in Resources */,
				78A78E8B220E93EB007ACD73 /* Localizable.strings in Resources */,
				78F6B5DE220E5B1E0031F54C /* Assets.xcassets in Resources */,
				78F6B5DC220E5B1D0031F54C /* Main.storyboard in Resources */,
			);
			runOnlyForDeploymentPostprocessing = 0;
		};
/* End PBXResourcesBuildPhase section */

/* Begin PBXSourcesBuildPhase section */
		78F6B5CF220E5B1D0031F54C /* Sources */ = {
			isa = PBXSourcesBuildPhase;
			buildActionMask = 2147483647;
			files = (
				78A78E8D220F7F88007ACD73 /* Point.swift in Sources */,
				78FE97AE220E690E008C0737 /* FractalView.swift in Sources */,
				78F6B5D9220E5B1D0031F54C /* ViewController.swift in Sources */,
				78F6B5D7220E5B1D0031F54C /* AppDelegate.swift in Sources */,
			);
			runOnlyForDeploymentPostprocessing = 0;
		};
/* End PBXSourcesBuildPhase section */

/* Begin PBXVariantGroup section */
		78F6B5DA220E5B1D0031F54C /* Main.storyboard */ = {
			isa = PBXVariantGroup;
			children = (
				78F6B5DB220E5B1D0031F54C /* Base */,
				786E7FAF220E928E00E5CAE9 /* ru */,
			);
			name = Main.storyboard;
			sourceTree = "<group>";
		};
		78F6B5DF220E5B1E0031F54C /* LaunchScreen.storyboard */ = {
			isa = PBXVariantGroup;
			children = (
				78F6B5E0220E5B1E0031F54C /* Base */,
				786E7FB0220E929000E5CAE9 /* ru */,
			);
			name = LaunchScreen.storyboard;
			sourceTree = "<group>";
		};
/* End PBXVariantGroup section */

/* Begin XCBuildConfiguration section */
		78F6B5E3220E5B1E0031F54C /* Debug */ = {
			isa = XCBuildConfiguration;
			buildSettings = {
				ALWAYS_SEARCH_USER_PATHS = NO;
				CLANG_ANALYZER_LOCALIZABILITY_NONLOCALIZED = YES;
				CLANG_ANALYZER_NONNULL = YES;
				CLANG_ANALYZER_NUMBER_OBJECT_CONVERSION = YES_AGGRESSIVE;
				CLANG_CXX_LANGUAGE_STANDARD = "gnu++14";
				CLANG_CXX_LIBRARY = "libc++";
				CLANG_ENABLE_MODULES = YES;
				CLANG_ENABLE_OBJC_ARC = YES;
				CLANG_ENABLE_OBJC_WEAK = YES;
				CLANG_WARN_BLOCK_CAPTURE_AUTORELEASING = YES;
				CLANG_WARN_BOOL_CONVERSION = YES;
				CLANG_WARN_COMMA = YES;
				CLANG_WARN_CONSTANT_CONVERSION = YES;
				CLANG_WARN_DEPRECATED_OBJC_IMPLEMENTATIONS = YES;
				CLANG_WARN_DIRECT_OBJC_ISA_USAGE = YES_ERROR;
				CLANG_WARN_DOCUMENTATION_COMMENTS = YES;
				CLANG_WARN_EMPTY_BODY = YES;
				CLANG_WARN_ENUM_CONVERSION = YES;
				CLANG_WARN_INFINITE_RECURSION = YES;
				CLANG_WARN_INT_CONVERSION = YES;
				CLANG_WARN_NON_LITERAL_NULL_CONVERSION = YES;
				CLANG_WARN_OBJC_IMPLICIT_RETAIN_SELF = YES;
				CLANG_WARN_OBJC_LITERAL_CONVERSION = YES;
				CLANG_WARN_OBJC_ROOT_CLASS = YES_ERROR;
				CLANG_WARN_RANGE_LOOP_ANALYSIS = YES;
				CLANG_WARN_STRICT_PROTOTYPES = YES;
				CLANG_WARN_SUSPICIOUS_MOVE = YES;
				CLANG_WARN_UNGUARDED_AVAILABILITY = YES_AGGRESSIVE;
				CLANG_WARN_UNREACHABLE_CODE = YES;
				CLANG_WARN__DUPLICATE_METHOD_MATCH = YES;
				CODE_SIGN_IDENTITY = "iPhone Developer";
				COPY_PHASE_STRIP = NO;
				DEBUG_INFORMATION_FORMAT = dwarf;
				ENABLE_STRICT_OBJC_MSGSEND = YES;
				ENABLE_TESTABILITY = YES;
				GCC_C_LANGUAGE_STANDARD = gnu11;
				GCC_DYNAMIC_NO_PIC = NO;
				GCC_NO_COMMON_BLOCKS = YES;
				GCC_OPTIMIZATION_LEVEL = 0;
				GCC_PREPROCESSOR_DEFINITIONS = (
					"DEBUG=1",
					"$(inherited)",
				);
				GCC_WARN_64_TO_32_BIT_CONVERSION = YES;
				GCC_WARN_ABOUT_RETURN_TYPE = YES_ERROR;
				GCC_WARN_UNDECLARED_SELECTOR = YES;
				GCC_WARN_UNINITIALIZED_AUTOS = YES_AGGRESSIVE;
				GCC_WARN_UNUSED_FUNCTION = YES;
				GCC_WARN_UNUSED_VARIABLE = YES;
				IPHONEOS_DEPLOYMENT_TARGET = 12.1;
				MTL_ENABLE_DEBUG_INFO = INCLUDE_SOURCE;
				MTL_FAST_MATH = YES;
				ONLY_ACTIVE_ARCH = YES;
				SDKROOT = iphoneos;
				SWIFT_ACTIVE_COMPILATION_CONDITIONS = DEBUG;
				SWIFT_OPTIMIZATION_LEVEL = "-Onone";
			};
			name = Debug;
		};
		78F6B5E4220E5B1E0031F54C /* Release */ = {
			isa = XCBuildConfiguration;
			buildSettings = {
				ALWAYS_SEARCH_USER_PATHS = NO;
				CLANG_ANALYZER_LOCALIZABILITY_NONLOCALIZED = YES;
				CLANG_ANALYZER_NONNULL = YES;
				CLANG_ANALYZER_NUMBER_OBJECT_CONVERSION = YES_AGGRESSIVE;
				CLANG_CXX_LANGUAGE_STANDARD = "gnu++14";
				CLANG_CXX_LIBRARY = "libc++";
				CLANG_ENABLE_MODULES = YES;
				CLANG_ENABLE_OBJC_ARC = YES;
				CLANG_ENABLE_OBJC_WEAK = YES;
				CLANG_WARN_BLOCK_CAPTURE_AUTORELEASING = YES;
				CLANG_WARN_BOOL_CONVERSION = YES;
				CLANG_WARN_COMMA = YES;
				CLANG_WARN_CONSTANT_CONVERSION = YES;
				CLANG_WARN_DEPRECATED_OBJC_IMPLEMENTATIONS = YES;
				CLANG_WARN_DIRECT_OBJC_ISA_USAGE = YES_ERROR;
				CLANG_WARN_DOCUMENTATION_COMMENTS = YES;
				CLANG_WARN_EMPTY_BODY = YES;
				CLANG_WARN_ENUM_CONVERSION = YES;
				CLANG_WARN_INFINITE_RECURSION = YES;
				CLANG_WARN_INT_CONVERSION = YES;
				CLANG_WARN_NON_LITERAL_NULL_CONVERSION = YES;
				CLANG_WARN_OBJC_IMPLICIT_RETAIN_SELF = YES;
				CLANG_WARN_OBJC_LITERAL_CONVERSION = YES;
				CLANG_WARN_OBJC_ROOT_CLASS = YES_ERROR;
				CLANG_WARN_RANGE_LOOP_ANALYSIS = YES;
				CLANG_WARN_STRICT_PROTOTYPES = YES;
				CLANG_WARN_SUSPICIOUS_MOVE = YES;
				CLANG_WARN_UNGUARDED_AVAILABILITY = YES_AGGRESSIVE;
				CLANG_WARN_UNREACHABLE_CODE = YES;
				CLANG_WARN__DUPLICATE_METHOD_MATCH = YES;
				CODE_SIGN_IDENTITY = "iPhone Developer";
				COPY_PHASE_STRIP = NO;
				DEBUG_INFORMATION_FORMAT = "dwarf-with-dsym";
				ENABLE_NS_ASSERTIONS = NO;
				ENABLE_STRICT_OBJC_MSGSEND = YES;
				GCC_C_LANGUAGE_STANDARD = gnu11;
				GCC_NO_COMMON_BLOCKS = YES;
				GCC_WARN_64_TO_32_BIT_CONVERSION = YES;
				GCC_WARN_ABOUT_RETURN_TYPE = YES_ERROR;
				GCC_WARN_UNDECLARED_SELECTOR = YES;
				GCC_WARN_UNINITIALIZED_AUTOS = YES_AGGRESSIVE;
				GCC_WARN_UNUSED_FUNCTION = YES;
				GCC_WARN_UNUSED_VARIABLE = YES;
				IPHONEOS_DEPLOYMENT_TARGET = 12.1;
				MTL_ENABLE_DEBUG_INFO = NO;
				MTL_FAST_MATH = YES;
				SDKROOT = iphoneos;
				SWIFT_COMPILATION_MODE = wholemodule;
				SWIFT_OPTIMIZATION_LEVEL = "-O";
				VALIDATE_PRODUCT = YES;
			};
			name = Release;
		};
		78F6B5E6220E5B1E0031F54C /* Debug */ = {
			isa = XCBuildConfiguration;
			buildSettings = {
				ASSETCATALOG_COMPILER_APPICON_NAME = AppIcon;
				CODE_SIGN_STYLE = Automatic;
				DEVELOPMENT_TEAM = ZSCD3BWGW9;
				INFOPLIST_FILE = Fractal/Info.plist;
				IPHONEOS_DEPLOYMENT_TARGET = 12.2;
				LD_RUNPATH_SEARCH_PATHS = (
					"$(inherited)",
					"@executable_path/Frameworks",
				);
				PRODUCT_BUNDLE_IDENTIFIER = com.shenshin.Fractal;
				PRODUCT_NAME = "$(TARGET_NAME)";
				SWIFT_VERSION = 5.0;
				TARGETED_DEVICE_FAMILY = "1,2";
			};
			name = Debug;
		};
		78F6B5E7220E5B1E0031F54C /* Release */ = {
			isa = XCBuildConfiguration;
			buildSettings = {
				ASSETCATALOG_COMPILER_APPICON_NAME = AppIcon;
				CODE_SIGN_STYLE = Automatic;
				DEVELOPMENT_TEAM = ZSCD3BWGW9;
				INFOPLIST_FILE = Fractal/Info.plist;
				IPHONEOS_DEPLOYMENT_TARGET = 12.2;
				LD_RUNPATH_SEARCH_PATHS = (
					"$(inherited)",
					"@executable_path/Frameworks",
				);
				PRODUCT_BUNDLE_IDENTIFIER = com.shenshin.Fractal;
				PRODUCT_NAME = "$(TARGET_NAME)";
				SWIFT_VERSION = 5.0;
				TARGETED_DEVICE_FAMILY = "1,2";
			};
			name = Release;
		};
/* End XCBuildConfiguration section */

/* Begin XCConfigurationList section */
		78F6B5CE220E5B1D0031F54C /* Build configuration list for PBXProject "Fractal" */ = {
			isa = XCConfigurationList;
			buildConfigurations = (
				78F6B5E3220E5B1E0031F54C /* Debug */,
				78F6B5E4220E5B1E0031F54C /* Release */,
			);
			defaultConfigurationIsVisible = 0;
			defaultConfigurationName = Release;
		};
		78F6B5E5220E5B1E0031F54C /* Build configuration list for PBXNativeTarget "Fractal" */ = {
			isa = XCConfigurationList;
			buildConfigurations = (
				78F6B5E6220E5B1E0031F54C /* Debug */,
				78F6B5E7220E5B1E0031F54C /* Release */,
			);
			defaultConfigurationIsVisible = 0;
			defaultConfigurationName = Release;
		};
/* End XCConfigurationList section */
	};
	rootObject = 78F6B5CB220E5B1D0031F54C /* Project object */;
}
